
Microsoft Visual Studio Solution File, Format Version 12.00
# Visual Studio 2012
Project("{8BC9CEB8-8B4A-11D0-8D11-00A0C91BC942}") = "MyGame", "MyGame\MyGame.vcxproj", "{370D0D09-12D1-457E-A80A-0023D03261D0}"
EndProject
Global
	GlobalSection(SolutionConfigurationPlatforms) = preSolution
		Debug|Win32 = Debug|Win32
		Release|Win32 = Release|Win32
	EndGlobalSection
	GlobalSection(ProjectConfigurationPlatforms) = postSolution
		{370D0D09-12D1-457E-A80A-0023D03261D0}.Debug|Win32.ActiveCfg = Debug|Win32
		{370D0D09-12D1-457E-A80A-0023D03261D0}.Debug|Win32.Build.0 = Debug|Win32
		{370D0D09-12D1-457E-A80A-0023D03261D0}.Release|Win32.ActiveCfg = Release|Win32
		{370D0D09-12D1-457E-A80A-0023D03261D0}.Release|Win32.Build.0 = Release|Win32
	EndGlobalSection
	GlobalSection(SolutionProperties) = preSolution
		HideSolutionNode = FALSE
	EndGlobalSection
EndGlobal
